
Microsoft Visual Studio Solution File, Format Version 12.00
# Visual Studio Version 16
VisualStudioVersion = 16.0.28803.156
MinimumVisualStudioVersion = 10.0.40219.1
Project("{2150E333-8FDC-42A3-9474-1A3956D46DE8}") = "src", "src", "{C3A67137-2442-4BBC-A2E4-3437487E54D9}"
EndProject
Project("{2150E333-8FDC-42A3-9474-1A3956D46DE8}") = "Services", "Services", "{7882D44A-C66B-44F3-A50C-B23D1647DA2B}"
EndProject
Project("{2150E333-8FDC-42A3-9474-1A3956D46DE8}") = "Web", "Web", "{CE9EEDD5-C15A-4AB3-BC47-15E99D9F891B}"
EndProject
Project("{9A19103F-16F7-4668-BE54-9A1E7A4F7556}") = "ProductCatalogApi", "src\Services\ProductCatalogApi\ProductCatalogApi.csproj", "{F212931E-07F3-4F25-8E5C-C60A1E1C4F14}"
EndProject
Project("{2150E333-8FDC-42A3-9474-1A3956D46DE8}") = "Script", "Script", "{27A23B40-A3EC-4ED9-B98E-9E3675BFD8A0}"
	ProjectSection(SolutionItems) = preProject
		instructions_memo.txt = instructions_memo.txt
	EndProjectSection
EndProject
Global
	GlobalSection(SolutionConfigurationPlatforms) = preSolution
		Debug|Any CPU = Debug|Any CPU
		Release|Any CPU = Release|Any CPU
	EndGlobalSection
	GlobalSection(ProjectConfigurationPlatforms) = postSolution
		{F212931E-07F3-4F25-8E5C-C60A1E1C4F14}.Debug|Any CPU.ActiveCfg = Debug|Any CPU
		{F212931E-07F3-4F25-8E5C-C60A1E1C4F14}.Debug|Any CPU.Build.0 = Debug|Any CPU
		{F212931E-07F3-4F25-8E5C-C60A1E1C4F14}.Release|Any CPU.ActiveCfg = Release|Any CPU
		{F212931E-07F3-4F25-8E5C-C60A1E1C4F14}.Release|Any CPU.Build.0 = Release|Any CPU
	EndGlobalSection
	GlobalSection(SolutionProperties) = preSolution
		HideSolutionNode = FALSE
	EndGlobalSection
	GlobalSection(NestedProjects) = preSolution
		{7882D44A-C66B-44F3-A50C-B23D1647DA2B} = {C3A67137-2442-4BBC-A2E4-3437487E54D9}
		{CE9EEDD5-C15A-4AB3-BC47-15E99D9F891B} = {C3A67137-2442-4BBC-A2E4-3437487E54D9}
		{F212931E-07F3-4F25-8E5C-C60A1E1C4F14} = {7882D44A-C66B-44F3-A50C-B23D1647DA2B}
	EndGlobalSection
	GlobalSection(ExtensibilityGlobals) = postSolution
		SolutionGuid = {644298BA-77B1-45B2-819B-F3A82FDDD74B}
	EndGlobalSection
EndGlobal
